// !$*UTF8*$!
{
	archiveVersion = 1;
	classes = {
	};
	objectVersion = 46;
	objects = {

/* Begin PBXBuildFile section */
		AEA3578A1A7662840078C84F /* main.m in Sources */ = {isa = PBXBuildFile; fileRef = AEA357891A7662840078C84F /* main.m */; };
		AEA3578D1A7662840078C84F /* AppDelegate.m in Sources */ = {isa = PBXBuildFile; fileRef = AEA3578C1A7662840078C84F /* AppDelegate.m */; };
		AEA357901A7662840078C84F /* ez4rent.xcdatamodeld in Sources */ = {isa = PBXBuildFile; fileRef = AEA3578E1A7662840078C84F /* ez4rent.xcdatamodeld */; };
		AEA357961A7662840078C84F /* Main.storyboard in Resources */ = {isa = PBXBuildFile; fileRef = AEA357941A7662840078C84F /* Main.storyboard */; };
		AEA357981A7662840078C84F /* Images.xcassets in Resources */ = {isa = PBXBuildFile; fileRef = AEA357971A7662840078C84F /* Images.xcassets */; };
		AEA3579B1A7662840078C84F /* LaunchScreen.xib in Resources */ = {isa = PBXBuildFile; fileRef = AEA357991A7662840078C84F /* LaunchScreen.xib */; };
		AEA357A71A7662840078C84F /* ez4rentTests.m in Sources */ = {isa = PBXBuildFile; fileRef = AEA357A61A7662840078C84F /* ez4rentTests.m */; };
		AEB16C881A79DA080060A2B6 /* MapKit.framework in Frameworks */ = {isa = PBXBuildFile; fileRef = AEB16C871A79DA080060A2B6 /* MapKit.framework */; };
		AEB16C8A1A79DA140060A2B6 /* CoreLocation.framework in Frameworks */ = {isa = PBXBuildFile; fileRef = AEB16C891A79DA140060A2B6 /* CoreLocation.framework */; };
		AEB16C8D1A79DA4B0060A2B6 /* UIKit.framework in Frameworks */ = {isa = PBXBuildFile; fileRef = AEB16C8C1A79DA4B0060A2B6 /* UIKit.framework */; };
		AEB16C8F1A79DA5A0060A2B6 /* Foundation.framework in Frameworks */ = {isa = PBXBuildFile; fileRef = AEB16C8E1A79DA5A0060A2B6 /* Foundation.framework */; };
		AEB16C911A79DA650060A2B6 /* CoreGraphics.framework in Frameworks */ = {isa = PBXBuildFile; fileRef = AEB16C901A79DA650060A2B6 /* CoreGraphics.framework */; };
		AEB16C941A79DBC70060A2B6 /* SearchViewController.m in Sources */ = {isa = PBXBuildFile; fileRef = AEB16C931A79DBC70060A2B6 /* SearchViewController.m */; };
		AEB622791A7870A60013E816 /* PhotosController.m in Sources */ = {isa = PBXBuildFile; fileRef = AEB622781A7870A60013E816 /* PhotosController.m */; };
		AEB6227C1A78771B0013E816 /* InfoListTableViewController.m in Sources */ = {isa = PBXBuildFile; fileRef = AEB6227B1A78771B0013E816 /* InfoListTableViewController.m */; };
		AEB8AF461A7A179C00668599 /* LocationViewController.m in Sources */ = {isa = PBXBuildFile; fileRef = AEB8AF451A7A179C00668599 /* LocationViewController.m */; };
/* End PBXBuildFile section */

/* Begin PBXContainerItemProxy section */
		AEA357A11A7662840078C84F /* PBXContainerItemProxy */ = {
			isa = PBXContainerItemProxy;
			containerPortal = AEA3577C1A7662840078C84F /* Project object */;
			proxyType = 1;
			remoteGlobalIDString = AEA357831A7662840078C84F;
			remoteInfo = ez4rent;
		};
/* End PBXContainerItemProxy section */

/* Begin PBXFileReference section */
		AEA357841A7662840078C84F /* ez4rent.app */ = {isa = PBXFileReference; explicitFileType = wrapper.application; includeInIndex = 0; path = ez4rent.app; sourceTree = BUILT_PRODUCTS_DIR; };
		AEA357881A7662840078C84F /* Info.plist */ = {isa = PBXFileReference; lastKnownFileType = text.plist.xml; path = Info.plist; sourceTree = "<group>"; };
		AEA357891A7662840078C84F /* main.m */ = {isa = PBXFileReference; lastKnownFileType = sourcecode.c.objc; path = main.m; sourceTree = "<group>"; };
		AEA3578B1A7662840078C84F /* AppDelegate.h */ = {isa = PBXFileReference; lastKnownFileType = sourcecode.c.h; path = AppDelegate.h; sourceTree = "<group>"; };
		AEA3578C1A7662840078C84F /* AppDelegate.m */ = {isa = PBXFileReference; lastKnownFileType = sourcecode.c.objc; path = AppDelegate.m; sourceTree = "<group>"; };
		AEA3578F1A7662840078C84F /* ez4rent.xcdatamodel */ = {isa = PBXFileReference; lastKnownFileType = wrapper.xcdatamodel; path = ez4rent.xcdatamodel; sourceTree = "<group>"; };
		AEA357951A7662840078C84F /* Base */ = {isa = PBXFileReference; lastKnownFileType = file.storyboard; name = Base; path = Base.lproj/Main.storyboard; sourceTree = "<group>"; };
		AEA357971A7662840078C84F /* Images.xcassets */ = {isa = PBXFileReference; lastKnownFileType = folder.assetcatalog; path = Images.xcassets; sourceTree = "<group>"; };
		AEA3579A1A7662840078C84F /* Base */ = {isa = PBXFileReference; lastKnownFileType = file.xib; name = Base; path = Base.lproj/LaunchScreen.xib; sourceTree = "<group>"; };
		AEA357A01A7662840078C84F /* ez4rentTests.xctest */ = {isa = PBXFileReference; explicitFileType = wrapper.cfbundle; includeInIndex = 0; path = ez4rentTests.xctest; sourceTree = BUILT_PRODUCTS_DIR; };
		AEA357A51A7662840078C84F /* Info.plist */ = {isa = PBXFileReference; lastKnownFileType = text.plist.xml; path = Info.plist; sourceTree = "<group>"; };
		AEA357A61A7662840078C84F /* ez4rentTests.m */ = {isa = PBXFileReference; lastKnownFileType = sourcecode.c.objc; path = ez4rentTests.m; sourceTree = "<group>"; };
		AEB16C871A79DA080060A2B6 /* MapKit.framework */ = {isa = PBXFileReference; lastKnownFileType = wrapper.framework; name = MapKit.framework; path = System/Library/Frameworks/MapKit.framework; sourceTree = SDKROOT; };
		AEB16C891A79DA140060A2B6 /* CoreLocation.framework */ = {isa = PBXFileReference; lastKnownFileType = wrapper.framework; name = CoreLocation.framework; path = System/Library/Frameworks/CoreLocation.framework; sourceTree = SDKROOT; };
		AEB16C8C1A79DA4B0060A2B6 /* UIKit.framework */ = {isa = PBXFileReference; lastKnownFileType = wrapper.framework; name = UIKit.framework; path = System/Library/Frameworks/UIKit.framework; sourceTree = SDKROOT; };
		AEB16C8E1A79DA5A0060A2B6 /* Foundation.framework */ = {isa = PBXFileReference; lastKnownFileType = wrapper.framework; name = Foundation.framework; path = System/Library/Frameworks/Foundation.framework; sourceTree = SDKROOT; };
		AEB16C901A79DA650060A2B6 /* CoreGraphics.framework */ = {isa = PBXFileReference; lastKnownFileType = wrapper.framework; name = CoreGraphics.framework; path = System/Library/Frameworks/CoreGraphics.framework; sourceTree = SDKROOT; };
		AEB16C921A79DBC70060A2B6 /* SearchViewController.h */ = {isa = PBXFileReference; fileEncoding = 4; lastKnownFileType = sourcecode.c.h; path = SearchViewController.h; sourceTree = "<group>"; };
		AEB16C931A79DBC70060A2B6 /* SearchViewController.m */ = {isa = PBXFileReference; fileEncoding = 4; lastKnownFileType = sourcecode.c.objc; path = SearchViewController.m; sourceTree = "<group>"; };
		AEB622771A7870A60013E816 /* PhotosController.h */ = {isa = PBXFileReference; fileEncoding = 4; lastKnownFileType = sourcecode.c.h; path = PhotosController.h; sourceTree = "<group>"; };
		AEB622781A7870A60013E816 /* PhotosController.m */ = {isa = PBXFileReference; fileEncoding = 4; lastKnownFileType = sourcecode.c.objc; path = PhotosController.m; sourceTree = "<group>"; };
		AEB6227A1A78771B0013E816 /* InfoListTableViewController.h */ = {isa = PBXFileReference; fileEncoding = 4; lastKnownFileType = sourcecode.c.h; path = InfoListTableViewController.h; sourceTree = "<group>"; };
		AEB6227B1A78771B0013E816 /* InfoListTableViewController.m */ = {isa = PBXFileReference; fileEncoding = 4; lastKnownFileType = sourcecode.c.objc; path = InfoListTableViewController.m; sourceTree = "<group>"; };
		AEB8AF441A7A179C00668599 /* LocationViewController.h */ = {isa = PBXFileReference; fileEncoding = 4; lastKnownFileType = sourcecode.c.h; path = LocationViewController.h; sourceTree = "<group>"; };
		AEB8AF451A7A179C00668599 /* LocationViewController.m */ = {isa = PBXFileReference; fileEncoding = 4; lastKnownFileType = sourcecode.c.objc; path = LocationViewController.m; sourceTree = "<group>"; };
/* End PBXFileReference section */

/* Begin PBXFrameworksBuildPhase section */
		AEA357811A7662840078C84F /* Frameworks */ = {
			isa = PBXFrameworksBuildPhase;
			buildActionMask = 2147483647;
			files = (
				AEB16C911A79DA650060A2B6 /* CoreGraphics.framework in Frameworks */,
				AEB16C8F1A79DA5A0060A2B6 /* Foundation.framework in Frameworks */,
				AEB16C8D1A79DA4B0060A2B6 /* UIKit.framework in Frameworks */,
				AEB16C8A1A79DA140060A2B6 /* CoreLocation.framework in Frameworks */,
				AEB16C881A79DA080060A2B6 /* MapKit.framework in Frameworks */,
			);
			runOnlyForDeploymentPostprocessing = 0;
		};
		AEA3579D1A7662840078C84F /* Frameworks */ = {
			isa = PBXFrameworksBuildPhase;
			buildActionMask = 2147483647;
			files = (
			);
			runOnlyForDeploymentPostprocessing = 0;
		};
/* End PBXFrameworksBuildPhase section */

/* Begin PBXGroup section */
		AEA3577B1A7662840078C84F = {
			isa = PBXGroup;
			children = (
				AEA357861A7662840078C84F /* ez4rent */,
				AEA357A31A7662840078C84F /* ez4rentTests */,
				AEA357851A7662840078C84F /* Products */,
				AEB16C8B1A79DA270060A2B6 /* Framework */,
			);
			sourceTree = "<group>";
		};
		AEA357851A7662840078C84F /* Products */ = {
			isa = PBXGroup;
			children = (
				AEA357841A7662840078C84F /* ez4rent.app */,
				AEA357A01A7662840078C84F /* ez4rentTests.xctest */,
			);
			name = Products;
			sourceTree = "<group>";
		};
		AEA357861A7662840078C84F /* ez4rent */ = {
			isa = PBXGroup;
			children = (
				AEBEFE801A77B564000EB762 /* lib */,
				AEA3578B1A7662840078C84F /* AppDelegate.h */,
				AEA3578C1A7662840078C84F /* AppDelegate.m */,
				AEBEFE7F1A77B539000EB762 /* Controllers */,
				AEA357941A7662840078C84F /* Main.storyboard */,
				AEA357971A7662840078C84F /* Images.xcassets */,
				AEA357991A7662840078C84F /* LaunchScreen.xib */,
				AEA3578E1A7662840078C84F /* ez4rent.xcdatamodeld */,
				AEA357871A7662840078C84F /* Supporting Files */,
			);
			path = ez4rent;
			sourceTree = "<group>";
		};
		AEA357871A7662840078C84F /* Supporting Files */ = {
			isa = PBXGroup;
			children = (
				AEA357881A7662840078C84F /* Info.plist */,
				AEA357891A7662840078C84F /* main.m */,
			);
			name = "Supporting Files";
			sourceTree = "<group>";
		};
		AEA357A31A7662840078C84F /* ez4rentTests */ = {
			isa = PBXGroup;
			children = (
				AEA357A61A7662840078C84F /* ez4rentTests.m */,
				AEA357A41A7662840078C84F /* Supporting Files */,
			);
			path = ez4rentTests;
			sourceTree = "<group>";
		};
		AEA357A41A7662840078C84F /* Supporting Files */ = {
			isa = PBXGroup;
			children = (
				AEA357A51A7662840078C84F /* Info.plist */,
			);
			name = "Supporting Files";
			sourceTree = "<group>";
		};
		AEB16C8B1A79DA270060A2B6 /* Framework */ = {
			isa = PBXGroup;
			children = (
				AEB16C901A79DA650060A2B6 /* CoreGraphics.framework */,
				AEB16C8E1A79DA5A0060A2B6 /* Foundation.framework */,
				AEB16C8C1A79DA4B0060A2B6 /* UIKit.framework */,
				AEB16C891A79DA140060A2B6 /* CoreLocation.framework */,
				AEB16C871A79DA080060A2B6 /* MapKit.framework */,
			);
			name = Framework;
			sourceTree = "<group>";
		};
		AEBEFE7F1A77B539000EB762 /* Controllers */ = {
			isa = PBXGroup;
			children = (
				AEB622771A7870A60013E816 /* PhotosController.h */,
				AEB622781A7870A60013E816 /* PhotosController.m */,
				AEB6227A1A78771B0013E816 /* InfoListTableViewController.h */,
				AEB6227B1A78771B0013E816 /* InfoListTableViewController.m */,
				AEB16C921A79DBC70060A2B6 /* SearchViewController.h */,
				AEB16C931A79DBC70060A2B6 /* SearchViewController.m */,
				AEB8AF441A7A179C00668599 /* LocationViewController.h */,
				AEB8AF451A7A179C00668599 /* LocationViewController.m */,
			);
			name = Controllers;
			sourceTree = "<group>";
		};
		AEBEFE801A77B564000EB762 /* lib */ = {
			isa = PBXGroup;
			children = (
			);
			name = lib;
			sourceTree = "<group>";
		};
/* End PBXGroup section */

/* Begin PBXNativeTarget section */
		AEA357831A7662840078C84F /* ez4rent */ = {
			isa = PBXNativeTarget;
			buildConfigurationList = AEA357AA1A7662840078C84F /* Build configuration list for PBXNativeTarget "ez4rent" */;
			buildPhases = (
				AEA357801A7662840078C84F /* Sources */,
				AEA357811A7662840078C84F /* Frameworks */,
				AEA357821A7662840078C84F /* Resources */,
			);
			buildRules = (
			);
			dependencies = (
			);
			name = ez4rent;
			productName = ez4rent;
			productReference = AEA357841A7662840078C84F /* ez4rent.app */;
			productType = "com.apple.product-type.application";
		};
		AEA3579F1A7662840078C84F /* ez4rentTests */ = {
			isa = PBXNativeTarget;
			buildConfigurationList = AEA357AD1A7662840078C84F /* Build configuration list for PBXNativeTarget "ez4rentTests" */;
			buildPhases = (
				AEA3579C1A7662840078C84F /* Sources */,
				AEA3579D1A7662840078C84F /* Frameworks */,
				AEA3579E1A7662840078C84F /* Resources */,
			);
			buildRules = (
			);
			dependencies = (
				AEA357A21A7662840078C84F /* PBXTargetDependency */,
			);
			name = ez4rentTests;
			productName = ez4rentTests;
			productReference = AEA357A01A7662840078C84F /* ez4rentTests.xctest */;
			productType = "com.apple.product-type.bundle.unit-test";
		};
/* End PBXNativeTarget section */

/* Begin PBXProject section */
		AEA3577C1A7662840078C84F /* Project object */ = {
			isa = PBXProject;
			attributes = {
				LastUpgradeCheck = 0610;
				ORGANIZATIONNAME = "Yin Hua";
				TargetAttributes = {
					AEA357831A7662840078C84F = {
						CreatedOnToolsVersion = 6.1.1;
						DevelopmentTeam = S4XZFSLC6F;
					};
					AEA3579F1A7662840078C84F = {
						CreatedOnToolsVersion = 6.1.1;
						TestTargetID = AEA357831A7662840078C84F;
					};
				};
			};
			buildConfigurationList = AEA3577F1A7662840078C84F /* Build configuration list for PBXProject "ez4rent" */;
			compatibilityVersion = "Xcode 3.2";
			developmentRegion = English;
			hasScannedForEncodings = 0;
			knownRegions = (
				en,
				Base,
			);
			mainGroup = AEA3577B1A7662840078C84F;
			productRefGroup = AEA357851A7662840078C84F /* Products */;
			projectDirPath = "";
			projectRoot = "";
			targets = (
				AEA357831A7662840078C84F /* ez4rent */,
				AEA3579F1A7662840078C84F /* ez4rentTests */,
			);
		};
/* End PBXProject section */

/* Begin PBXResourcesBuildPhase section */
		AEA357821A7662840078C84F /* Resources */ = {
			isa = PBXResourcesBuildPhase;
			buildActionMask = 2147483647;
			files = (
				AEA357961A7662840078C84F /* Main.storyboard in Resources */,
				AEA3579B1A7662840078C84F /* LaunchScreen.xib in Resources */,
				AEA357981A7662840078C84F /* Images.xcassets in Resources */,
			);
			runOnlyForDeploymentPostprocessing = 0;
		};
		AEA3579E1A7662840078C84F /* Resources */ = {
			isa = PBXResourcesBuildPhase;
			buildActionMask = 2147483647;
			files = (
			);
			runOnlyForDeploymentPostprocessing = 0;
		};
/* End PBXResourcesBuildPhase section */

/* Begin PBXSourcesBuildPhase section */
		AEA357801A7662840078C84F /* Sources */ = {
			isa = PBXSourcesBuildPhase;
			buildActionMask = 2147483647;
			files = (
				AEA3578D1A7662840078C84F /* AppDelegate.m in Sources */,
				AEA357901A7662840078C84F /* ez4rent.xcdatamodeld in Sources */,
				AEB8AF461A7A179C00668599 /* LocationViewController.m in Sources */,
				AEB16C941A79DBC70060A2B6 /* SearchViewController.m in Sources */,
				AEA3578A1A7662840078C84F /* main.m in Sources */,
				AEB6227C1A78771B0013E816 /* InfoListTableViewController.m in Sources */,
				AEB622791A7870A60013E816 /* PhotosController.m in Sources */,
			);
			runOnlyForDeploymentPostprocessing = 0;
		};
		AEA3579C1A7662840078C84F /* Sources */ = {
			isa = PBXSourcesBuildPhase;
			buildActionMask = 2147483647;
			files = (
				AEA357A71A7662840078C84F /* ez4rentTests.m in Sources */,
			);
			runOnlyForDeploymentPostprocessing = 0;
		};
/* End PBXSourcesBuildPhase section */

/* Begin PBXTargetDependency section */
		AEA357A21A7662840078C84F /* PBXTargetDependency */ = {
			isa = PBXTargetDependency;
			target = AEA357831A7662840078C84F /* ez4rent */;
			targetProxy = AEA357A11A7662840078C84F /* PBXContainerItemProxy */;
		};
/* End PBXTargetDependency section */

/* Begin PBXVariantGroup section */
		AEA357941A7662840078C84F /* Main.storyboard */ = {
			isa = PBXVariantGroup;
			children = (
				AEA357951A7662840078C84F /* Base */,
			);
			name = Main.storyboard;
			sourceTree = "<group>";
		};
		AEA357991A7662840078C84F /* LaunchScreen.xib */ = {
			isa = PBXVariantGroup;
			children = (
				AEA3579A1A7662840078C84F /* Base */,
			);
			name = LaunchScreen.xib;
			sourceTree = "<group>";
		};
/* End PBXVariantGroup section */

/* Begin XCBuildConfiguration section */
		AEA357A81A7662840078C84F /* Debug */ = {
			isa = XCBuildConfiguration;
			buildSettings = {
				ALWAYS_SEARCH_USER_PATHS = NO;
				CLANG_CXX_LANGUAGE_STANDARD = "gnu++0x";
				CLANG_CXX_LIBRARY = "libc++";
				CLANG_ENABLE_MODULES = YES;
				CLANG_ENABLE_OBJC_ARC = YES;
				CLANG_WARN_BOOL_CONVERSION = YES;
				CLANG_WARN_CONSTANT_CONVERSION = YES;
				CLANG_WARN_DIRECT_OBJC_ISA_USAGE = YES_ERROR;
				CLANG_WARN_EMPTY_BODY = YES;
				CLANG_WARN_ENUM_CONVERSION = YES;
				CLANG_WARN_INT_CONVERSION = YES;
				CLANG_WARN_OBJC_ROOT_CLASS = YES_ERROR;
				CLANG_WARN_UNREACHABLE_CODE = YES;
				CLANG_WARN__DUPLICATE_METHOD_MATCH = YES;
				"CODE_SIGN_IDENTITY[sdk=iphoneos*]" = "iPhone Developer";
				COPY_PHASE_STRIP = NO;
				ENABLE_STRICT_OBJC_MSGSEND = YES;
				GCC_C_LANGUAGE_STANDARD = gnu99;
				GCC_DYNAMIC_NO_PIC = NO;
				GCC_OPTIMIZATION_LEVEL = 0;
				GCC_PREPROCESSOR_DEFINITIONS = (
					"DEBUG=1",
					"$(inherited)",
				);
				GCC_SYMBOLS_PRIVATE_EXTERN = NO;
				GCC_WARN_64_TO_32_BIT_CONVERSION = YES;
				GCC_WARN_ABOUT_RETURN_TYPE = YES_ERROR;
				GCC_WARN_UNDECLARED_SELECTOR = YES;
				GCC_WARN_UNINITIALIZED_AUTOS = YES_AGGRESSIVE;
				GCC_WARN_UNUSED_FUNCTION = YES;
				GCC_WARN_UNUSED_VARIABLE = YES;
				IPHONEOS_DEPLOYMENT_TARGET = 8.1;
				MTL_ENABLE_DEBUG_INFO = YES;
				ONLY_ACTIVE_ARCH = YES;
				SDKROOT = iphoneos;
				TARGETED_DEVICE_FAMILY = "1,2";
			};
			name = Debug;
		};
		AEA357A91A7662840078C84F /* Release */ = {
			isa = XCBuildConfiguration;
			buildSettings = {
				ALWAYS_SEARCH_USER_PATHS = NO;
				CLANG_CXX_LANGUAGE_STANDARD = "gnu++0x";
				CLANG_CXX_LIBRARY = "libc++";
				CLANG_ENABLE_MODULES = YES;
				CLANG_ENABLE_OBJC_ARC = YES;
				CLANG_WARN_BOOL_CONVERSION = YES;
				CLANG_WARN_CONSTANT_CONVERSION = YES;
				CLANG_WARN_DIRECT_OBJC_ISA_USAGE = YES_ERROR;
				CLANG_WARN_EMPTY_BODY = YES;
				CLANG_WARN_ENUM_CONVERSION = YES;
				CLANG_WARN_INT_CONVERSION = YES;
				CLANG_WARN_OBJC_ROOT_CLASS = YES_ERROR;
				CLANG_WARN_UNREACHABLE_CODE = YES;
				CLANG_WARN__DUPLICATE_METHOD_MATCH = YES;
				"CODE_SIGN_IDENTITY[sdk=iphoneos*]" = "iPhone Developer";
				COPY_PHASE_STRIP = YES;
				ENABLE_NS_ASSERTIONS = NO;
				ENABLE_STRICT_OBJC_MSGSEND = YES;
				GCC_C_LANGUAGE_STANDARD = gnu99;
				GCC_WARN_64_TO_32_BIT_CONVERSION = YES;
				GCC_WARN_ABOUT_RETURN_TYPE = YES_ERROR;
				GCC_WARN_UNDECLARED_SELECTOR = YES;
				GCC_WARN_UNINITIALIZED_AUTOS = YES_AGGRESSIVE;
				GCC_WARN_UNUSED_FUNCTION = YES;
				GCC_WARN_UNUSED_VARIABLE = YES;
				IPHONEOS_DEPLOYMENT_TARGET = 8.1;
				MTL_ENABLE_DEBUG_INFO = NO;
				SDKROOT = iphoneos;
				TARGETED_DEVICE_FAMILY = "1,2";
				VALIDATE_PRODUCT = YES;
			};
			name = Release;
		};
		AEA357AB1A7662840078C84F /* Debug */ = {
			isa = XCBuildConfiguration;
			buildSettings = {
				ASSETCATALOG_COMPILER_APPICON_NAME = AppIcon;
				CODE_SIGN_IDENTITY = "iPhone Developer";
				INFOPLIST_FILE = ez4rent/Info.plist;
				IPHONEOS_DEPLOYMENT_TARGET = 7.1;
				LD_RUNPATH_SEARCH_PATHS = "$(inherited) @executable_path/Frameworks";
				PRODUCT_NAME = "$(TARGET_NAME)";
				TARGETED_DEVICE_FAMILY = "1,2";
			};
			name = Debug;
		};
		AEA357AC1A7662840078C84F /* Release */ = {
			isa = XCBuildConfiguration;
			buildSettings = {
				ASSETCATALOG_COMPILER_APPICON_NAME = AppIcon;
				CODE_SIGN_IDENTITY = "iPhone Developer";
				INFOPLIST_FILE = ez4rent/Info.plist;
				IPHONEOS_DEPLOYMENT_TARGET = 7.1;
				LD_RUNPATH_SEARCH_PATHS = "$(inherited) @executable_path/Frameworks";
				PRODUCT_NAME = "$(TARGET_NAME)";
				TARGETED_DEVICE_FAMILY = "1,2";
			};
			name = Release;
		};
		AEA357AE1A7662840078C84F /* Debug */ = {
			isa = XCBuildConfiguration;
			buildSettings = {
				BUNDLE_LOADER = "$(TEST_HOST)";
				FRAMEWORK_SEARCH_PATHS = (
					"$(SDKROOT)/Developer/Library/Frameworks",
					"$(inherited)",
				);
				GCC_PREPROCESSOR_DEFINITIONS = (
					"DEBUG=1",
					"$(inherited)",
				);
				INFOPLIST_FILE = ez4rentTests/Info.plist;
				LD_RUNPATH_SEARCH_PATHS = "$(inherited) @executable_path/Frameworks @loader_path/Frameworks";
				PRODUCT_NAME = "$(TARGET_NAME)";
				TEST_HOST = "$(BUILT_PRODUCTS_DIR)/ez4rent.app/ez4rent";
			};
			name = Debug;
		};
		AEA357AF1A7662840078C84F /* Release */ = {
			isa = XCBuildConfiguration;
			buildSettings = {
				BUNDLE_LOADER = "$(TEST_HOST)";
				FRAMEWORK_SEARCH_PATHS = (
					"$(SDKROOT)/Developer/Library/Frameworks",
					"$(inherited)",
				);
				INFOPLIST_FILE = ez4rentTests/Info.plist;
				LD_RUNPATH_SEARCH_PATHS = "$(inherited) @executable_path/Frameworks @loader_path/Frameworks";
				PRODUCT_NAME = "$(TARGET_NAME)";
				TEST_HOST = "$(BUILT_PRODUCTS_DIR)/ez4rent.app/ez4rent";
			};
			name = Release;
		};
/* End XCBuildConfiguration section */

/* Begin XCConfigurationList section */
		AEA3577F1A7662840078C84F /* Build configuration list for PBXProject "ez4rent" */ = {
			isa = XCConfigurationList;
			buildConfigurations = (
				AEA357A81A7662840078C84F /* Debug */,
				AEA357A91A7662840078C84F /* Release */,
			);
			defaultConfigurationIsVisible = 0;
			defaultConfigurationName = Release;
		};
		AEA357AA1A7662840078C84F /* Build configuration list for PBXNativeTarget "ez4rent" */ = {
			isa = XCConfigurationList;
			buildConfigurations = (
				AEA357AB1A7662840078C84F /* Debug */,
				AEA357AC1A7662840078C84F /* Release */,
			);
			defaultConfigurationIsVisible = 0;
			defaultConfigurationName = Release;
		};
		AEA357AD1A7662840078C84F /* Build configuration list for PBXNativeTarget "ez4rentTests" */ = {
			isa = XCConfigurationList;
			buildConfigurations = (
				AEA357AE1A7662840078C84F /* Debug */,
				AEA357AF1A7662840078C84F /* Release */,
			);
			defaultConfigurationIsVisible = 0;
			defaultConfigurationName = Release;
		};
/* End XCConfigurationList section */

/* Begin XCVersionGroup section */
		AEA3578E1A7662840078C84F /* ez4rent.xcdatamodeld */ = {
			isa = XCVersionGroup;
			children = (
				AEA3578F1A7662840078C84F /* ez4rent.xcdatamodel */,
			);
			currentVersion = AEA3578F1A7662840078C84F /* ez4rent.xcdatamodel */;
			path = ez4rent.xcdatamodeld;
			sourceTree = "<group>";
			versionGroupType = wrapper.xcdatamodel;
		};
/* End XCVersionGroup section */
	};
	rootObject = AEA3577C1A7662840078C84F /* Project object */;
}
